
Microsoft Visual Studio Solution File, Format Version 12.00
# Visual Studio Version 17
VisualStudioVersion = 17.0.31903.59
MinimumVisualStudioVersion = 10.0.40219.1
Project("{FAE04EC0-301F-11D3-BF4B-00C04F79EFBC}") = "Checkers.Main", "Checkers.Main\Checkers.Main.csproj", "{CD06BFB8-8095-43E8-A6F7-9CEABB0CA6D7}"
EndProject
Project("{FAE04EC0-301F-11D3-BF4B-00C04F79EFBC}") = "Checkers.Test", "Checkers.Test\Checkers.Test.csproj", "{811CDA75-D5B7-4857-A9E0-01ABCE99BAAC}"
EndProject
Project("{FAE04EC0-301F-11D3-BF4B-00C04F79EFBC}") = "Checkers.Shared", "Checkers.Shared\Checkers.Shared.csproj", "{32ACFDC1-1C6C-4584-A7C1-B41081792A34}"
EndProject
Global
	GlobalSection(SolutionConfigurationPlatforms) = preSolution
		Debug|Any CPU = Debug|Any CPU
		Release|Any CPU = Release|Any CPU
	EndGlobalSection
	GlobalSection(SolutionProperties) = preSolution
		HideSolutionNode = FALSE
	EndGlobalSection
	GlobalSection(ProjectConfigurationPlatforms) = postSolution
		{CD06BFB8-8095-43E8-A6F7-9CEABB0CA6D7}.Debug|Any CPU.ActiveCfg = Debug|Any CPU
		{CD06BFB8-8095-43E8-A6F7-9CEABB0CA6D7}.Debug|Any CPU.Build.0 = Debug|Any CPU
		{CD06BFB8-8095-43E8-A6F7-9CEABB0CA6D7}.Release|Any CPU.ActiveCfg = Release|Any CPU
		{CD06BFB8-8095-43E8-A6F7-9CEABB0CA6D7}.Release|Any CPU.Build.0 = Release|Any CPU
		{811CDA75-D5B7-4857-A9E0-01ABCE99BAAC}.Debug|Any CPU.ActiveCfg = Debug|Any CPU
		{811CDA75-D5B7-4857-A9E0-01ABCE99BAAC}.Debug|Any CPU.Build.0 = Debug|Any CPU
		{811CDA75-D5B7-4857-A9E0-01ABCE99BAAC}.Release|Any CPU.ActiveCfg = Release|Any CPU
		{811CDA75-D5B7-4857-A9E0-01ABCE99BAAC}.Release|Any CPU.Build.0 = Release|Any CPU
		{32ACFDC1-1C6C-4584-A7C1-B41081792A34}.Debug|Any CPU.ActiveCfg = Debug|Any CPU
		{32ACFDC1-1C6C-4584-A7C1-B41081792A34}.Debug|Any CPU.Build.0 = Debug|Any CPU
		{32ACFDC1-1C6C-4584-A7C1-B41081792A34}.Release|Any CPU.ActiveCfg = Release|Any CPU
		{32ACFDC1-1C6C-4584-A7C1-B41081792A34}.Release|Any CPU.Build.0 = Release|Any CPU
	EndGlobalSection
EndGlobal
